
Microsoft Visual Studio Solution File, Format Version 12.00
# Visual Studio Version 17
VisualStudioVersion = 17.11.35222.181
MinimumVisualStudioVersion = 10.0.40219.1
Project("{FAE04EC0-301F-11D3-BF4B-00C04F79EFBC}") = "Proxy", "Proxy\Proxy.csproj", "{6575C5A9-49C7-4947-B519-341BBA7BA18C}"
EndProject
Global
	GlobalSection(SolutionConfigurationPlatforms) = preSolution
		Debug|Any CPU = Debug|Any CPU
		Release|Any CPU = Release|Any CPU
	EndGlobalSection
	GlobalSection(ProjectConfigurationPlatforms) = postSolution
		{6575C5A9-49C7-4947-B519-341BBA7BA18C}.Debug|Any CPU.ActiveCfg = Debug|Any CPU
		{6575C5A9-49C7-4947-B519-341BBA7BA18C}.Debug|Any CPU.Build.0 = Debug|Any CPU
		{6575C5A9-49C7-4947-B519-341BBA7BA18C}.Release|Any CPU.ActiveCfg = Release|Any CPU
		{6575C5A9-49C7-4947-B519-341BBA7BA18C}.Release|Any CPU.Build.0 = Release|Any CPU
	EndGlobalSection
	GlobalSection(SolutionProperties) = preSolution
		HideSolutionNode = FALSE
	EndGlobalSection
	GlobalSection(ExtensibilityGlobals) = postSolution
		SolutionGuid = {91AD009B-C8E7-49C4-BFE9-61182376E502}
	EndGlobalSection
EndGlobal
